
Microsoft Visual Studio Solution File, Format Version 12.00
# Visual Studio Version 16
VisualStudioVersion = 16.0.30011.22
MinimumVisualStudioVersion = 10.0.40219.1
Project("{9A19103F-16F7-4668-BE54-9A1E7A4F7556}") = "NaukaAspNetCore", "NaukaAspNetCore\NaukaAspNetCore.csproj", "{E743DE9C-6F59-435B-AE8F-41F5010F825D}"
EndProject
Project("{2150E333-8FDC-42A3-9474-1A3956D46DE8}") = "komunikacja", "komunikacja", "{E717E638-1E02-4140-AE52-8FE6D92DAAD5}"
EndProject
Project("{9A19103F-16F7-4668-BE54-9A1E7A4F7556}") = "Serwer", "Serwer\Serwer.csproj", "{4B199828-FF2C-40A1-AED2-EE146B4DDE50}"
EndProject
Project("{FAE04EC0-301F-11D3-BF4B-00C04F79EFBC}") = "DTO", "DTO\DTO.csproj", "{F347CF4C-C69B-4BB4-BD50-ED0846CA804D}"
EndProject
Project("{9A19103F-16F7-4668-BE54-9A1E7A4F7556}") = "Client", "Client\Client.csproj", "{4170A233-C168-4E99-8ACE-462B10D51291}"
EndProject
Project("{2150E333-8FDC-42A3-9474-1A3956D46DE8}") = "KonfigurowanieAplikacji", "KonfigurowanieAplikacji", "{5542BB6C-093B-45A1-9ACC-DB01243990F8}"
	ProjectSection(SolutionItems) = preProject
		UseIISIntegration.txt = UseIISIntegration.txt
		UseKestral.txt = UseKestral.txt
	EndProjectSection
EndProject
Project("{9A19103F-16F7-4668-BE54-9A1E7A4F7556}") = "ViewStart", "ViewStart\ViewStart.csproj", "{31B67478-7969-4FD5-AD1E-BA664E87710F}"
EndProject
Project("{9A19103F-16F7-4668-BE54-9A1E7A4F7556}") = "UseContentRoot", "UseContentRoot\UseContentRoot.csproj", "{B5BFD258-276E-4D12-878D-1BDEE607E065}"
EndProject
Project("{9A19103F-16F7-4668-BE54-9A1E7A4F7556}") = "Usedevelopmentexceptionpage_Enviroment", "Usedevelopmentexceptionpage\Usedevelopmentexceptionpage_Enviroment.csproj", "{954D5830-26E3-444D-A59A-EE670ECDDE0D}"
EndProject
Project("{9A19103F-16F7-4668-BE54-9A1E7A4F7556}") = "App_Run", "App_Run\App_Run.csproj", "{51F65F3C-4163-4144-B022-ED223353A102}"
EndProject
Project("{9A19103F-16F7-4668-BE54-9A1E7A4F7556}") = "Middlewere", "Middlewere\Middlewere.csproj", "{61E11901-7D6E-4725-892C-E80EB1BD0915}"
EndProject
Project("{9A19103F-16F7-4668-BE54-9A1E7A4F7556}") = "Singlenton", "Singlenton\Singlenton.csproj", "{43A327BF-D2A6-4F86-BD45-0F5EC2269A9F}"
EndProject
Project("{9A19103F-16F7-4668-BE54-9A1E7A4F7556}") = "UseMvc", "UseMvc\UseMvc.csproj", "{91F61285-27E9-4D80-8201-B27DA73C2779}"
EndProject
Project("{9A19103F-16F7-4668-BE54-9A1E7A4F7556}") = "UseexceptionHandler", "UseexceptionHandler\UseexceptionHandler.csproj", "{C7681940-CB83-4796-A027-028588EF8FDD}"
EndProject
Project("{9A19103F-16F7-4668-BE54-9A1E7A4F7556}") = "Configure", "Configure\Configure.csproj", "{3EF169EF-EC2F-4407-84AE-36A0E0FCF006}"
EndProject
Project("{9A19103F-16F7-4668-BE54-9A1E7A4F7556}") = "Loging", "Loging\Loging.csproj", "{36356DFB-CC5B-44C3-9246-06F43CB685A6}"
EndProject
Project("{2150E333-8FDC-42A3-9474-1A3956D46DE8}") = "Routing", "Routing", "{59D32DA1-1D1A-4621-AEED-CF8E9AC88574}"
EndProject
Project("{9A19103F-16F7-4668-BE54-9A1E7A4F7556}") = "RoutingWConfig", "RoutingWConfig\RoutingWConfig.csproj", "{52D3CED5-15ED-4ED1-8A93-1C35FC9F1FDE}"
EndProject
Project("{9A19103F-16F7-4668-BE54-9A1E7A4F7556}") = "RoutingWWidokach", "RoutingWWidokach\RoutingWWidokach.csproj", "{ECD4787D-FC7C-4EA0-A408-2A1502D16A1E}"
EndProject
Project("{9A19103F-16F7-4668-BE54-9A1E7A4F7556}") = "Areas", "Areas\Areas.csproj", "{A5450596-93B2-46DC-B89D-25D785B0A188}"
EndProject
Project("{2150E333-8FDC-42A3-9474-1A3956D46DE8}") = "Kontrolery", "Kontrolery", "{8F2978D7-F4E2-4F56-A104-FD908C7A562F}"
EndProject
Project("{9A19103F-16F7-4668-BE54-9A1E7A4F7556}") = "TrzymanieDanych", "Sesja\TrzymanieDanych.csproj", "{000E0FA3-435B-4C81-9D00-D566FFBB3E77}"
EndProject
Project("{9A19103F-16F7-4668-BE54-9A1E7A4F7556}") = "PocoControler", "PocoControler\PocoControler.csproj", "{E3C23A7E-1371-47D4-8649-0C861965DE03}"
EndProject
Project("{9A19103F-16F7-4668-BE54-9A1E7A4F7556}") = "ZwracaneTypy", "ZwracaneTypy\ZwracaneTypy.csproj", "{C6265DA2-456F-4E87-A57A-460317F7F339}"
EndProject
Project("{9A19103F-16F7-4668-BE54-9A1E7A4F7556}") = "InformacjeOKontrolerze", "InformacjeOKontrolerze\InformacjeOKontrolerze.csproj", "{16BA763F-74F2-4E2B-B599-5136604A91DD}"
EndProject
Project("{9A19103F-16F7-4668-BE54-9A1E7A4F7556}") = "Request_Form", "Request_Form\Request_Form.csproj", "{373DBE33-1F13-4B32-A4BE-17482466F530}"
EndProject
Project("{9A19103F-16F7-4668-BE54-9A1E7A4F7556}") = "WstrzykiwanieZalerznosci", "WstrzykiwanieZalerznosci\WstrzykiwanieZalerznosci.csproj", "{E0AA3C02-19B0-43BE-8CAE-0FF4A4A7289D}"
EndProject
Project("{9A19103F-16F7-4668-BE54-9A1E7A4F7556}") = "Filtry", "Filtry\Filtry.csproj", "{BD61343E-F528-4ED6-AE88-94E6C058D5A6}"
EndProject
Project("{9A19103F-16F7-4668-BE54-9A1E7A4F7556}") = "WebApi", "WebApi\WebApi.csproj", "{1248440A-AF2F-44DF-A0CE-21F5E4ECFA9E}"
EndProject
Project("{2150E333-8FDC-42A3-9474-1A3956D46DE8}") = "Widoki", "Widoki", "{E4E452A4-F9BC-44E3-BFB4-C646C7E45FEF}"
EndProject
Project("{9A19103F-16F7-4668-BE54-9A1E7A4F7556}") = "ViewEngine", "ViewEngine\ViewEngine.csproj", "{2B5A047E-D528-4B69-A4F9-1649CBC52F13}"
EndProject
Project("{9A19103F-16F7-4668-BE54-9A1E7A4F7556}") = "WlasciwosciRazorPage", "WlasciwosciRazorPage\WlasciwosciRazorPage.csproj", "{15C480DC-06C4-4708-B6EA-E4D81C923587}"
EndProject
Project("{9A19103F-16F7-4668-BE54-9A1E7A4F7556}") = "SectionAndPartialviev", "SectionAndPartialviev\SectionAndPartialviev.csproj", "{40F59235-340B-41CF-A851-DF88B578640D}"
EndProject
Project("{9A19103F-16F7-4668-BE54-9A1E7A4F7556}") = "LocationExpander", "LocationExpander\LocationExpander.csproj", "{7F3AECEF-6D67-4A81-8C26-5E20DEB0E9A9}"
EndProject
Project("{9A19103F-16F7-4668-BE54-9A1E7A4F7556}") = "komponentWidoku", "komponentWidoku\komponentWidoku.csproj", "{8EEF2445-0B7F-4F79-9F10-C61ED661D227}"
EndProject
Project("{2150E333-8FDC-42A3-9474-1A3956D46DE8}") = "AtrybutyHtml", "AtrybutyHtml", "{F06B5292-1B70-4C12-A5AA-E99FD8AAF1EE}"
EndProject
Project("{9A19103F-16F7-4668-BE54-9A1E7A4F7556}") = "AuthoringTagHelpers", "AuthoringTagHelpers\AuthoringTagHelpers.csproj", "{16AB9966-4F09-4D16-BDA2-80A6BFC64BE8}"
EndProject
Project("{FAE04EC0-301F-11D3-BF4B-00C04F79EFBC}") = "AtrynutyFormularza", "AtrynutyFormularza\AtrynutyFormularza.csproj", "{9BBFDDEA-8B13-4F22-9448-EFA4A9129683}"
EndProject
Global
	GlobalSection(SolutionConfigurationPlatforms) = preSolution
		Debug|Any CPU = Debug|Any CPU
		Release|Any CPU = Release|Any CPU
	EndGlobalSection
	GlobalSection(ProjectConfigurationPlatforms) = postSolution
		{E743DE9C-6F59-435B-AE8F-41F5010F825D}.Debug|Any CPU.ActiveCfg = Debug|Any CPU
		{E743DE9C-6F59-435B-AE8F-41F5010F825D}.Debug|Any CPU.Build.0 = Debug|Any CPU
		{E743DE9C-6F59-435B-AE8F-41F5010F825D}.Release|Any CPU.ActiveCfg = Release|Any CPU
		{E743DE9C-6F59-435B-AE8F-41F5010F825D}.Release|Any CPU.Build.0 = Release|Any CPU
		{4B199828-FF2C-40A1-AED2-EE146B4DDE50}.Debug|Any CPU.ActiveCfg = Debug|Any CPU
		{4B199828-FF2C-40A1-AED2-EE146B4DDE50}.Debug|Any CPU.Build.0 = Debug|Any CPU
		{4B199828-FF2C-40A1-AED2-EE146B4DDE50}.Release|Any CPU.ActiveCfg = Release|Any CPU
		{4B199828-FF2C-40A1-AED2-EE146B4DDE50}.Release|Any CPU.Build.0 = Release|Any CPU
		{F347CF4C-C69B-4BB4-BD50-ED0846CA804D}.Debug|Any CPU.ActiveCfg = Debug|Any CPU
		{F347CF4C-C69B-4BB4-BD50-ED0846CA804D}.Debug|Any CPU.Build.0 = Debug|Any CPU
		{F347CF4C-C69B-4BB4-BD50-ED0846CA804D}.Release|Any CPU.ActiveCfg = Release|Any CPU
		{F347CF4C-C69B-4BB4-BD50-ED0846CA804D}.Release|Any CPU.Build.0 = Release|Any CPU
		{4170A233-C168-4E99-8ACE-462B10D51291}.Debug|Any CPU.ActiveCfg = Debug|Any CPU
		{4170A233-C168-4E99-8ACE-462B10D51291}.Debug|Any CPU.Build.0 = Debug|Any CPU
		{4170A233-C168-4E99-8ACE-462B10D51291}.Release|Any CPU.ActiveCfg = Release|Any CPU
		{4170A233-C168-4E99-8ACE-462B10D51291}.Release|Any CPU.Build.0 = Release|Any CPU
		{31B67478-7969-4FD5-AD1E-BA664E87710F}.Debug|Any CPU.ActiveCfg = Debug|Any CPU
		{31B67478-7969-4FD5-AD1E-BA664E87710F}.Debug|Any CPU.Build.0 = Debug|Any CPU
		{31B67478-7969-4FD5-AD1E-BA664E87710F}.Release|Any CPU.ActiveCfg = Release|Any CPU
		{31B67478-7969-4FD5-AD1E-BA664E87710F}.Release|Any CPU.Build.0 = Release|Any CPU
		{B5BFD258-276E-4D12-878D-1BDEE607E065}.Debug|Any CPU.ActiveCfg = Debug|Any CPU
		{B5BFD258-276E-4D12-878D-1BDEE607E065}.Debug|Any CPU.Build.0 = Debug|Any CPU
		{B5BFD258-276E-4D12-878D-1BDEE607E065}.Release|Any CPU.ActiveCfg = Release|Any CPU
		{B5BFD258-276E-4D12-878D-1BDEE607E065}.Release|Any CPU.Build.0 = Release|Any CPU
		{954D5830-26E3-444D-A59A-EE670ECDDE0D}.Debug|Any CPU.ActiveCfg = Debug|Any CPU
		{954D5830-26E3-444D-A59A-EE670ECDDE0D}.Debug|Any CPU.Build.0 = Debug|Any CPU
		{954D5830-26E3-444D-A59A-EE670ECDDE0D}.Release|Any CPU.ActiveCfg = Release|Any CPU
		{954D5830-26E3-444D-A59A-EE670ECDDE0D}.Release|Any CPU.Build.0 = Release|Any CPU
		{51F65F3C-4163-4144-B022-ED223353A102}.Debug|Any CPU.ActiveCfg = Debug|Any CPU
		{51F65F3C-4163-4144-B022-ED223353A102}.Debug|Any CPU.Build.0 = Debug|Any CPU
		{51F65F3C-4163-4144-B022-ED223353A102}.Release|Any CPU.ActiveCfg = Release|Any CPU
		{51F65F3C-4163-4144-B022-ED223353A102}.Release|Any CPU.Build.0 = Release|Any CPU
		{61E11901-7D6E-4725-892C-E80EB1BD0915}.Debug|Any CPU.ActiveCfg = Debug|Any CPU
		{61E11901-7D6E-4725-892C-E80EB1BD0915}.Debug|Any CPU.Build.0 = Debug|Any CPU
		{61E11901-7D6E-4725-892C-E80EB1BD0915}.Release|Any CPU.ActiveCfg = Release|Any CPU
		{61E11901-7D6E-4725-892C-E80EB1BD0915}.Release|Any CPU.Build.0 = Release|Any CPU
		{43A327BF-D2A6-4F86-BD45-0F5EC2269A9F}.Debug|Any CPU.ActiveCfg = Debug|Any CPU
		{43A327BF-D2A6-4F86-BD45-0F5EC2269A9F}.Debug|Any CPU.Build.0 = Debug|Any CPU
		{43A327BF-D2A6-4F86-BD45-0F5EC2269A9F}.Release|Any CPU.ActiveCfg = Release|Any CPU
		{43A327BF-D2A6-4F86-BD45-0F5EC2269A9F}.Release|Any CPU.Build.0 = Release|Any CPU
		{91F61285-27E9-4D80-8201-B27DA73C2779}.Debug|Any CPU.ActiveCfg = Debug|Any CPU
		{91F61285-27E9-4D80-8201-B27DA73C2779}.Debug|Any CPU.Build.0 = Debug|Any CPU
		{91F61285-27E9-4D80-8201-B27DA73C2779}.Release|Any CPU.ActiveCfg = Release|Any CPU
		{91F61285-27E9-4D80-8201-B27DA73C2779}.Release|Any CPU.Build.0 = Release|Any CPU
		{C7681940-CB83-4796-A027-028588EF8FDD}.Debug|Any CPU.ActiveCfg = Debug|Any CPU
		{C7681940-CB83-4796-A027-028588EF8FDD}.Debug|Any CPU.Build.0 = Debug|Any CPU
		{C7681940-CB83-4796-A027-028588EF8FDD}.Release|Any CPU.ActiveCfg = Release|Any CPU
		{C7681940-CB83-4796-A027-028588EF8FDD}.Release|Any CPU.Build.0 = Release|Any CPU
		{3EF169EF-EC2F-4407-84AE-36A0E0FCF006}.Debug|Any CPU.ActiveCfg = Debug|Any CPU
		{3EF169EF-EC2F-4407-84AE-36A0E0FCF006}.Debug|Any CPU.Build.0 = Debug|Any CPU
		{3EF169EF-EC2F-4407-84AE-36A0E0FCF006}.Release|Any CPU.ActiveCfg = Release|Any CPU
		{3EF169EF-EC2F-4407-84AE-36A0E0FCF006}.Release|Any CPU.Build.0 = Release|Any CPU
		{36356DFB-CC5B-44C3-9246-06F43CB685A6}.Debug|Any CPU.ActiveCfg = Debug|Any CPU
		{36356DFB-CC5B-44C3-9246-06F43CB685A6}.Debug|Any CPU.Build.0 = Debug|Any CPU
		{36356DFB-CC5B-44C3-9246-06F43CB685A6}.Release|Any CPU.ActiveCfg = Release|Any CPU
		{36356DFB-CC5B-44C3-9246-06F43CB685A6}.Release|Any CPU.Build.0 = Release|Any CPU
		{52D3CED5-15ED-4ED1-8A93-1C35FC9F1FDE}.Debug|Any CPU.ActiveCfg = Debug|Any CPU
		{52D3CED5-15ED-4ED1-8A93-1C35FC9F1FDE}.Debug|Any CPU.Build.0 = Debug|Any CPU
		{52D3CED5-15ED-4ED1-8A93-1C35FC9F1FDE}.Release|Any CPU.ActiveCfg = Release|Any CPU
		{52D3CED5-15ED-4ED1-8A93-1C35FC9F1FDE}.Release|Any CPU.Build.0 = Release|Any CPU
		{ECD4787D-FC7C-4EA0-A408-2A1502D16A1E}.Debug|Any CPU.ActiveCfg = Debug|Any CPU
		{ECD4787D-FC7C-4EA0-A408-2A1502D16A1E}.Debug|Any CPU.Build.0 = Debug|Any CPU
		{ECD4787D-FC7C-4EA0-A408-2A1502D16A1E}.Release|Any CPU.ActiveCfg = Release|Any CPU
		{ECD4787D-FC7C-4EA0-A408-2A1502D16A1E}.Release|Any CPU.Build.0 = Release|Any CPU
		{A5450596-93B2-46DC-B89D-25D785B0A188}.Debug|Any CPU.ActiveCfg = Debug|Any CPU
		{A5450596-93B2-46DC-B89D-25D785B0A188}.Debug|Any CPU.Build.0 = Debug|Any CPU
		{A5450596-93B2-46DC-B89D-25D785B0A188}.Release|Any CPU.ActiveCfg = Release|Any CPU
		{A5450596-93B2-46DC-B89D-25D785B0A188}.Release|Any CPU.Build.0 = Release|Any CPU
		{000E0FA3-435B-4C81-9D00-D566FFBB3E77}.Debug|Any CPU.ActiveCfg = Debug|Any CPU
		{000E0FA3-435B-4C81-9D00-D566FFBB3E77}.Debug|Any CPU.Build.0 = Debug|Any CPU
		{000E0FA3-435B-4C81-9D00-D566FFBB3E77}.Release|Any CPU.ActiveCfg = Release|Any CPU
		{000E0FA3-435B-4C81-9D00-D566FFBB3E77}.Release|Any CPU.Build.0 = Release|Any CPU
		{E3C23A7E-1371-47D4-8649-0C861965DE03}.Debug|Any CPU.ActiveCfg = Debug|Any CPU
		{E3C23A7E-1371-47D4-8649-0C861965DE03}.Debug|Any CPU.Build.0 = Debug|Any CPU
		{E3C23A7E-1371-47D4-8649-0C861965DE03}.Release|Any CPU.ActiveCfg = Release|Any CPU
		{E3C23A7E-1371-47D4-8649-0C861965DE03}.Release|Any CPU.Build.0 = Release|Any CPU
		{C6265DA2-456F-4E87-A57A-460317F7F339}.Debug|Any CPU.ActiveCfg = Debug|Any CPU
		{C6265DA2-456F-4E87-A57A-460317F7F339}.Debug|Any CPU.Build.0 = Debug|Any CPU
		{C6265DA2-456F-4E87-A57A-460317F7F339}.Release|Any CPU.ActiveCfg = Release|Any CPU
		{C6265DA2-456F-4E87-A57A-460317F7F339}.Release|Any CPU.Build.0 = Release|Any CPU
		{16BA763F-74F2-4E2B-B599-5136604A91DD}.Debug|Any CPU.ActiveCfg = Debug|Any CPU
		{16BA763F-74F2-4E2B-B599-5136604A91DD}.Debug|Any CPU.Build.0 = Debug|Any CPU
		{16BA763F-74F2-4E2B-B599-5136604A91DD}.Release|Any CPU.ActiveCfg = Release|Any CPU
		{16BA763F-74F2-4E2B-B599-5136604A91DD}.Release|Any CPU.Build.0 = Release|Any CPU
		{373DBE33-1F13-4B32-A4BE-17482466F530}.Debug|Any CPU.ActiveCfg = Debug|Any CPU
		{373DBE33-1F13-4B32-A4BE-17482466F530}.Debug|Any CPU.Build.0 = Debug|Any CPU
		{373DBE33-1F13-4B32-A4BE-17482466F530}.Release|Any CPU.ActiveCfg = Release|Any CPU
		{373DBE33-1F13-4B32-A4BE-17482466F530}.Release|Any CPU.Build.0 = Release|Any CPU
		{E0AA3C02-19B0-43BE-8CAE-0FF4A4A7289D}.Debug|Any CPU.ActiveCfg = Debug|Any CPU
		{E0AA3C02-19B0-43BE-8CAE-0FF4A4A7289D}.Debug|Any CPU.Build.0 = Debug|Any CPU
		{E0AA3C02-19B0-43BE-8CAE-0FF4A4A7289D}.Release|Any CPU.ActiveCfg = Release|Any CPU
		{E0AA3C02-19B0-43BE-8CAE-0FF4A4A7289D}.Release|Any CPU.Build.0 = Release|Any CPU
		{BD61343E-F528-4ED6-AE88-94E6C058D5A6}.Debug|Any CPU.ActiveCfg = Debug|Any CPU
		{BD61343E-F528-4ED6-AE88-94E6C058D5A6}.Debug|Any CPU.Build.0 = Debug|Any CPU
		{BD61343E-F528-4ED6-AE88-94E6C058D5A6}.Release|Any CPU.ActiveCfg = Release|Any CPU
		{BD61343E-F528-4ED6-AE88-94E6C058D5A6}.Release|Any CPU.Build.0 = Release|Any CPU
		{1248440A-AF2F-44DF-A0CE-21F5E4ECFA9E}.Debug|Any CPU.ActiveCfg = Debug|Any CPU
		{1248440A-AF2F-44DF-A0CE-21F5E4ECFA9E}.Debug|Any CPU.Build.0 = Debug|Any CPU
		{1248440A-AF2F-44DF-A0CE-21F5E4ECFA9E}.Release|Any CPU.ActiveCfg = Release|Any CPU
		{1248440A-AF2F-44DF-A0CE-21F5E4ECFA9E}.Release|Any CPU.Build.0 = Release|Any CPU
		{2B5A047E-D528-4B69-A4F9-1649CBC52F13}.Debug|Any CPU.ActiveCfg = Debug|Any CPU
		{2B5A047E-D528-4B69-A4F9-1649CBC52F13}.Debug|Any CPU.Build.0 = Debug|Any CPU
		{2B5A047E-D528-4B69-A4F9-1649CBC52F13}.Release|Any CPU.ActiveCfg = Release|Any CPU
		{2B5A047E-D528-4B69-A4F9-1649CBC52F13}.Release|Any CPU.Build.0 = Release|Any CPU
		{15C480DC-06C4-4708-B6EA-E4D81C923587}.Debug|Any CPU.ActiveCfg = Debug|Any CPU
		{15C480DC-06C4-4708-B6EA-E4D81C923587}.Debug|Any CPU.Build.0 = Debug|Any CPU
		{15C480DC-06C4-4708-B6EA-E4D81C923587}.Release|Any CPU.ActiveCfg = Release|Any CPU
		{15C480DC-06C4-4708-B6EA-E4D81C923587}.Release|Any CPU.Build.0 = Release|Any CPU
		{40F59235-340B-41CF-A851-DF88B578640D}.Debug|Any CPU.ActiveCfg = Debug|Any CPU
		{40F59235-340B-41CF-A851-DF88B578640D}.Debug|Any CPU.Build.0 = Debug|Any CPU
		{40F59235-340B-41CF-A851-DF88B578640D}.Release|Any CPU.ActiveCfg = Release|Any CPU
		{40F59235-340B-41CF-A851-DF88B578640D}.Release|Any CPU.Build.0 = Release|Any CPU
		{7F3AECEF-6D67-4A81-8C26-5E20DEB0E9A9}.Debug|Any CPU.ActiveCfg = Debug|Any CPU
		{7F3AECEF-6D67-4A81-8C26-5E20DEB0E9A9}.Debug|Any CPU.Build.0 = Debug|Any CPU
		{7F3AECEF-6D67-4A81-8C26-5E20DEB0E9A9}.Release|Any CPU.ActiveCfg = Release|Any CPU
		{7F3AECEF-6D67-4A81-8C26-5E20DEB0E9A9}.Release|Any CPU.Build.0 = Release|Any CPU
		{8EEF2445-0B7F-4F79-9F10-C61ED661D227}.Debug|Any CPU.ActiveCfg = Debug|Any CPU
		{8EEF2445-0B7F-4F79-9F10-C61ED661D227}.Debug|Any CPU.Build.0 = Debug|Any CPU
		{8EEF2445-0B7F-4F79-9F10-C61ED661D227}.Release|Any CPU.ActiveCfg = Release|Any CPU
		{8EEF2445-0B7F-4F79-9F10-C61ED661D227}.Release|Any CPU.Build.0 = Release|Any CPU
		{16AB9966-4F09-4D16-BDA2-80A6BFC64BE8}.Debug|Any CPU.ActiveCfg = Debug|Any CPU
		{16AB9966-4F09-4D16-BDA2-80A6BFC64BE8}.Debug|Any CPU.Build.0 = Debug|Any CPU
		{16AB9966-4F09-4D16-BDA2-80A6BFC64BE8}.Release|Any CPU.ActiveCfg = Release|Any CPU
		{16AB9966-4F09-4D16-BDA2-80A6BFC64BE8}.Release|Any CPU.Build.0 = Release|Any CPU
		{9BBFDDEA-8B13-4F22-9448-EFA4A9129683}.Debug|Any CPU.ActiveCfg = Debug|Any CPU
		{9BBFDDEA-8B13-4F22-9448-EFA4A9129683}.Debug|Any CPU.Build.0 = Debug|Any CPU
		{9BBFDDEA-8B13-4F22-9448-EFA4A9129683}.Release|Any CPU.ActiveCfg = Release|Any CPU
		{9BBFDDEA-8B13-4F22-9448-EFA4A9129683}.Release|Any CPU.Build.0 = Release|Any CPU
	EndGlobalSection
	GlobalSection(SolutionProperties) = preSolution
		HideSolutionNode = FALSE
	EndGlobalSection
	GlobalSection(NestedProjects) = preSolution
		{4B199828-FF2C-40A1-AED2-EE146B4DDE50} = {E717E638-1E02-4140-AE52-8FE6D92DAAD5}
		{F347CF4C-C69B-4BB4-BD50-ED0846CA804D} = {E717E638-1E02-4140-AE52-8FE6D92DAAD5}
		{4170A233-C168-4E99-8ACE-462B10D51291} = {E717E638-1E02-4140-AE52-8FE6D92DAAD5}
		{31B67478-7969-4FD5-AD1E-BA664E87710F} = {5542BB6C-093B-45A1-9ACC-DB01243990F8}
		{B5BFD258-276E-4D12-878D-1BDEE607E065} = {5542BB6C-093B-45A1-9ACC-DB01243990F8}
		{954D5830-26E3-444D-A59A-EE670ECDDE0D} = {5542BB6C-093B-45A1-9ACC-DB01243990F8}
		{51F65F3C-4163-4144-B022-ED223353A102} = {5542BB6C-093B-45A1-9ACC-DB01243990F8}
		{61E11901-7D6E-4725-892C-E80EB1BD0915} = {5542BB6C-093B-45A1-9ACC-DB01243990F8}
		{43A327BF-D2A6-4F86-BD45-0F5EC2269A9F} = {5542BB6C-093B-45A1-9ACC-DB01243990F8}
		{91F61285-27E9-4D80-8201-B27DA73C2779} = {5542BB6C-093B-45A1-9ACC-DB01243990F8}
		{C7681940-CB83-4796-A027-028588EF8FDD} = {5542BB6C-093B-45A1-9ACC-DB01243990F8}
		{3EF169EF-EC2F-4407-84AE-36A0E0FCF006} = {5542BB6C-093B-45A1-9ACC-DB01243990F8}
		{36356DFB-CC5B-44C3-9246-06F43CB685A6} = {5542BB6C-093B-45A1-9ACC-DB01243990F8}
		{52D3CED5-15ED-4ED1-8A93-1C35FC9F1FDE} = {59D32DA1-1D1A-4621-AEED-CF8E9AC88574}
		{ECD4787D-FC7C-4EA0-A408-2A1502D16A1E} = {59D32DA1-1D1A-4621-AEED-CF8E9AC88574}
		{A5450596-93B2-46DC-B89D-25D785B0A188} = {59D32DA1-1D1A-4621-AEED-CF8E9AC88574}
		{000E0FA3-435B-4C81-9D00-D566FFBB3E77} = {8F2978D7-F4E2-4F56-A104-FD908C7A562F}
		{E3C23A7E-1371-47D4-8649-0C861965DE03} = {8F2978D7-F4E2-4F56-A104-FD908C7A562F}
		{C6265DA2-456F-4E87-A57A-460317F7F339} = {8F2978D7-F4E2-4F56-A104-FD908C7A562F}
		{16BA763F-74F2-4E2B-B599-5136604A91DD} = {8F2978D7-F4E2-4F56-A104-FD908C7A562F}
		{373DBE33-1F13-4B32-A4BE-17482466F530} = {8F2978D7-F4E2-4F56-A104-FD908C7A562F}
		{2B5A047E-D528-4B69-A4F9-1649CBC52F13} = {E4E452A4-F9BC-44E3-BFB4-C646C7E45FEF}
		{15C480DC-06C4-4708-B6EA-E4D81C923587} = {E4E452A4-F9BC-44E3-BFB4-C646C7E45FEF}
		{40F59235-340B-41CF-A851-DF88B578640D} = {E4E452A4-F9BC-44E3-BFB4-C646C7E45FEF}
		{7F3AECEF-6D67-4A81-8C26-5E20DEB0E9A9} = {E4E452A4-F9BC-44E3-BFB4-C646C7E45FEF}
		{8EEF2445-0B7F-4F79-9F10-C61ED661D227} = {E4E452A4-F9BC-44E3-BFB4-C646C7E45FEF}
		{16AB9966-4F09-4D16-BDA2-80A6BFC64BE8} = {F06B5292-1B70-4C12-A5AA-E99FD8AAF1EE}
		{9BBFDDEA-8B13-4F22-9448-EFA4A9129683} = {F06B5292-1B70-4C12-A5AA-E99FD8AAF1EE}
	EndGlobalSection
	GlobalSection(ExtensibilityGlobals) = postSolution
		SolutionGuid = {9B46200D-393B-4596-8734-D88067013F27}
	EndGlobalSection
EndGlobal
